<Solution>
  <Project Path="AdventureWorks.AppHost/AdventureWorks.AppHost.csproj" />
  <Project Path="AdventureWorks.BlazorApp/AdventureWorks.BlazorApp.csproj" />
  <Project Path="AdventureWorks.E2ETests/AdventureWorks.E2ETests.csproj" />
  <Project Path="AdventureWorks.ServiceDefaults/AdventureWorks.ServiceDefaults.csproj" />
  <Project Path="AdventureWorks.SharedComponents/AdventureWorks.SharedComponents.csproj" />
  <Project Path="AdventureWorks.Tests/AdventureWorks.Tests.csproj" />
  <Project Path="CopilotSDKDemo.CustomPromptDemo/CopilotSDKDemo.CustomPromptDemo.csproj" />
  <Project Path="CopilotSDKDemo.InstructionsDemo/CopilotSDKDemo.InstructionsDemo.csproj" />
  <Project Path="CopilotSDKDemo.PermissionDemo/CopilotSDKDemo.PermissionDemo.csproj" />
  <Project Path="CopilotSDKDemo.SandboxDemo/CopilotSDKDemo.SandboxDemo.csproj" />
</Solution>
